
Microsoft Visual Studio Solution File, Format Version 12.00
# Visual Studio Version 17
VisualStudioVersion = 17.8.34309.116
MinimumVisualStudioVersion = 10.0.40219.1
Project("{2150E333-8FDC-42A3-9474-1A3956D46DE8}") = "BackEnd", "BackEnd", "{78D3CF33-09AB-4A5F-A71D-31347835C254}"
EndProject
Project("{2150E333-8FDC-42A3-9474-1A3956D46DE8}") = "Frontend", "Frontend", "{577CDCB2-6C44-4491-955E-D38D7365FA50}"
EndProject
Project("{9A19103F-16F7-4668-BE54-9A1E7A4F7556}") = "EShop.ENTITIES", "BackEnd\EShop.ENTITIES\EShop.ENTITIES.csproj", "{74F1F6D5-B945-4371-9919-63DF8194D8F4}"
EndProject
Project("{9A19103F-16F7-4668-BE54-9A1E7A4F7556}") = "EShop.DAL", "BackEnd\EShop.DAL\EShop.DAL.csproj", "{56052E48-61FA-4850-A62B-0531AA14C5BC}"
EndProject
Project("{9A19103F-16F7-4668-BE54-9A1E7A4F7556}") = "EShop.CONF", "BackEnd\EShop.CONF\EShop.CONF.csproj", "{A4B8653C-684F-49EE-A9EC-B3DED35EBDCB}"
EndProject
Project("{9A19103F-16F7-4668-BE54-9A1E7A4F7556}") = "EShop.COMMON", "BackEnd\EShop.COMMON\EShop.COMMON.csproj", "{A21E3383-9ECD-42A2-B3DA-06F945DFEF8C}"
EndProject
Project("{9A19103F-16F7-4668-BE54-9A1E7A4F7556}") = "EShop.BLL", "BackEnd\EShop.BLL\EShop.BLL.csproj", "{AC1DC958-F830-4C85-832C-1B8B83C465E6}"
EndProject
Project("{2150E333-8FDC-42A3-9474-1A3956D46DE8}") = "Api", "Api", "{8593CE78-1ED9-498C-8048-9FA8D90FE9BF}"
EndProject
Project("{9A19103F-16F7-4668-BE54-9A1E7A4F7556}") = "EShop.WebApi", "Api\EShop.WebApi\EShop.WebApi.csproj", "{B117D30D-C46A-428F-B839-D72419D36677}"
EndProject
Global
	GlobalSection(SolutionConfigurationPlatforms) = preSolution
		Debug|Any CPU = Debug|Any CPU
		Release|Any CPU = Release|Any CPU
	EndGlobalSection
	GlobalSection(ProjectConfigurationPlatforms) = postSolution
		{74F1F6D5-B945-4371-9919-63DF8194D8F4}.Debug|Any CPU.ActiveCfg = Debug|Any CPU
		{74F1F6D5-B945-4371-9919-63DF8194D8F4}.Debug|Any CPU.Build.0 = Debug|Any CPU
		{74F1F6D5-B945-4371-9919-63DF8194D8F4}.Release|Any CPU.ActiveCfg = Release|Any CPU
		{74F1F6D5-B945-4371-9919-63DF8194D8F4}.Release|Any CPU.Build.0 = Release|Any CPU
		{56052E48-61FA-4850-A62B-0531AA14C5BC}.Debug|Any CPU.ActiveCfg = Debug|Any CPU
		{56052E48-61FA-4850-A62B-0531AA14C5BC}.Debug|Any CPU.Build.0 = Debug|Any CPU
		{56052E48-61FA-4850-A62B-0531AA14C5BC}.Release|Any CPU.ActiveCfg = Release|Any CPU
		{56052E48-61FA-4850-A62B-0531AA14C5BC}.Release|Any CPU.Build.0 = Release|Any CPU
		{A4B8653C-684F-49EE-A9EC-B3DED35EBDCB}.Debug|Any CPU.ActiveCfg = Debug|Any CPU
		{A4B8653C-684F-49EE-A9EC-B3DED35EBDCB}.Debug|Any CPU.Build.0 = Debug|Any CPU
		{A4B8653C-684F-49EE-A9EC-B3DED35EBDCB}.Release|Any CPU.ActiveCfg = Release|Any CPU
		{A4B8653C-684F-49EE-A9EC-B3DED35EBDCB}.Release|Any CPU.Build.0 = Release|Any CPU
		{A21E3383-9ECD-42A2-B3DA-06F945DFEF8C}.Debug|Any CPU.ActiveCfg = Debug|Any CPU
		{A21E3383-9ECD-42A2-B3DA-06F945DFEF8C}.Debug|Any CPU.Build.0 = Debug|Any CPU
		{A21E3383-9ECD-42A2-B3DA-06F945DFEF8C}.Release|Any CPU.ActiveCfg = Release|Any CPU
		{A21E3383-9ECD-42A2-B3DA-06F945DFEF8C}.Release|Any CPU.Build.0 = Release|Any CPU
		{AC1DC958-F830-4C85-832C-1B8B83C465E6}.Debug|Any CPU.ActiveCfg = Debug|Any CPU
		{AC1DC958-F830-4C85-832C-1B8B83C465E6}.Debug|Any CPU.Build.0 = Debug|Any CPU
		{AC1DC958-F830-4C85-832C-1B8B83C465E6}.Release|Any CPU.ActiveCfg = Release|Any CPU
		{AC1DC958-F830-4C85-832C-1B8B83C465E6}.Release|Any CPU.Build.0 = Release|Any CPU
		{B117D30D-C46A-428F-B839-D72419D36677}.Debug|Any CPU.ActiveCfg = Debug|Any CPU
		{B117D30D-C46A-428F-B839-D72419D36677}.Debug|Any CPU.Build.0 = Debug|Any CPU
		{B117D30D-C46A-428F-B839-D72419D36677}.Release|Any CPU.ActiveCfg = Release|Any CPU
		{B117D30D-C46A-428F-B839-D72419D36677}.Release|Any CPU.Build.0 = Release|Any CPU
	EndGlobalSection
	GlobalSection(SolutionProperties) = preSolution
		HideSolutionNode = FALSE
	EndGlobalSection
	GlobalSection(NestedProjects) = preSolution
		{74F1F6D5-B945-4371-9919-63DF8194D8F4} = {78D3CF33-09AB-4A5F-A71D-31347835C254}
		{56052E48-61FA-4850-A62B-0531AA14C5BC} = {78D3CF33-09AB-4A5F-A71D-31347835C254}
		{A4B8653C-684F-49EE-A9EC-B3DED35EBDCB} = {78D3CF33-09AB-4A5F-A71D-31347835C254}
		{A21E3383-9ECD-42A2-B3DA-06F945DFEF8C} = {78D3CF33-09AB-4A5F-A71D-31347835C254}
		{AC1DC958-F830-4C85-832C-1B8B83C465E6} = {78D3CF33-09AB-4A5F-A71D-31347835C254}
		{B117D30D-C46A-428F-B839-D72419D36677} = {8593CE78-1ED9-498C-8048-9FA8D90FE9BF}
	EndGlobalSection
	GlobalSection(ExtensibilityGlobals) = postSolution
		SolutionGuid = {382B542F-412E-4C7A-A33B-F2D60F5DC3CF}
	EndGlobalSection
EndGlobal
